
Microsoft Visual Studio Solution File, Format Version 12.00
# Visual Studio Version 16
VisualStudioVersion = 16.0.31129.286
MinimumVisualStudioVersion = 10.0.40219.1
Project("{FAE04EC0-301F-11D3-BF4B-00C04F79EFBC}") = "JavaToCS", "JavaToCS.csproj", "{817B0349-FFC6-4A10-B006-0CF34F940BC8}"
EndProject
Global
	GlobalSection(SolutionConfigurationPlatforms) = preSolution
		Debug|Any CPU = Debug|Any CPU
		Release|Any CPU = Release|Any CPU
	EndGlobalSection
	GlobalSection(ProjectConfigurationPlatforms) = postSolution
		{817B0349-FFC6-4A10-B006-0CF34F940BC8}.Debug|Any CPU.ActiveCfg = Debug|Any CPU
		{817B0349-FFC6-4A10-B006-0CF34F940BC8}.Debug|Any CPU.Build.0 = Debug|Any CPU
		{817B0349-FFC6-4A10-B006-0CF34F940BC8}.Release|Any CPU.ActiveCfg = Release|Any CPU
		{817B0349-FFC6-4A10-B006-0CF34F940BC8}.Release|Any CPU.Build.0 = Release|Any CPU
	EndGlobalSection
	GlobalSection(SolutionProperties) = preSolution
		HideSolutionNode = FALSE
	EndGlobalSection
	GlobalSection(ExtensibilityGlobals) = postSolution
		SolutionGuid = {D9AC66AA-0386-4488-A818-49D44C05900E}
	EndGlobalSection
EndGlobal
